
Microsoft Visual Studio Solution File, Format Version 12.00
# Visual Studio Version 16
VisualStudioVersion = 16.0.29613.14
MinimumVisualStudioVersion = 10.0.40219.1
Project("{FAE04EC0-301F-11D3-BF4B-00C04F79EFBC}") = "Palindrome", "Palindrome\Palindrome.csproj", "{AF4800B5-36DC-47BC-A2DD-DC794C640B72}"
EndProject
Project("{FAE04EC0-301F-11D3-BF4B-00C04F79EFBC}") = "Flats", "Flats\Flats.csproj", "{731EF7B4-62FE-499D-AF11-127C40927D2A}"
EndProject
Project("{FAE04EC0-301F-11D3-BF4B-00C04F79EFBC}") = "MultiTable", "MultiTable\MultiTable.csproj", "{920C0C41-58EA-4B4E-826C-0F5B3F81FB7D}"
EndProject
Project("{FAE04EC0-301F-11D3-BF4B-00C04F79EFBC}") = "Range", "Range\Range.csproj", "{9B5B051B-424F-427D-B9E0-4E6CB1CD9BE2}"
EndProject
Project("{FAE04EC0-301F-11D3-BF4B-00C04F79EFBC}") = "MultiTableArray", "MultiTableArray\MultiTableArray.csproj", "{7F88E077-4CF8-4A42-8804-2BCE99241011}"
EndProject
Project("{FAE04EC0-301F-11D3-BF4B-00C04F79EFBC}") = "BoxBlur", "BoxBlur\BoxBlur.csproj", "{8AFE1635-6139-421B-95B3-9F0906A7DF82}"
EndProject
Project("{FAE04EC0-301F-11D3-BF4B-00C04F79EFBC}") = "Shapes", "Shapes\Shapes.csproj", "{3CF8741E-39E5-4BA1-844D-2CDD18EEA2F2}"
EndProject
Project("{FAE04EC0-301F-11D3-BF4B-00C04F79EFBC}") = "Vector", "Vector\Vector.csproj", "{F39FAB43-5DD2-460E-8BF4-D0441BD85059}"
EndProject
Project("{FAE04EC0-301F-11D3-BF4B-00C04F79EFBC}") = "ArrayList", "ArrayList\ArrayList.csproj", "{42D6FD62-ABF2-45B0-808F-FB5C59CC9788}"
EndProject
Project("{FAE04EC0-301F-11D3-BF4B-00C04F79EFBC}") = "ArrayListHome", "ArrayListHome\ArrayListHome.csproj", "{C4FED997-540A-4953-B801-92080CE7AA36}"
EndProject
Project("{FAE04EC0-301F-11D3-BF4B-00C04F79EFBC}") = "HashTable", "HashTable\HashTable.csproj", "{87559D1B-CDD0-4AC5-8259-DAA0414D2C1A}"
EndProject
Project("{FAE04EC0-301F-11D3-BF4B-00C04F79EFBC}") = "Lambdas", "Lambdas\Lambdas.csproj", "{B3E5DEE3-D167-469D-A630-D052E94AC544}"
EndProject
Project("{FAE04EC0-301F-11D3-BF4B-00C04F79EFBC}") = "ReadConfig", "ReadConfig\ReadConfig.csproj", "{1009739F-62CD-42C0-A961-5B9C2858849D}"
EndProject
Project("{9A19103F-16F7-4668-BE54-9A1E7A4F7556}") = "Excel", "Excel\Excel.csproj", "{67F9E04B-9B7E-437F-A875-BABD3C16A9B2}"
EndProject
Project("{9A19103F-16F7-4668-BE54-9A1E7A4F7556}") = "CountriesJson", "CountriesJson\CountriesJson.csproj", "{0FD41DC0-F69F-4335-A170-C475E4CFB13B}"
EndProject
Project("{FAE04EC0-301F-11D3-BF4B-00C04F79EFBC}") = "ShopDbQueries", "ShopDbQueries\ShopDbQueries.csproj", "{57E25BC2-2D0D-48B1-AC09-81716DFF57BD}"
EndProject
Project("{FAE04EC0-301F-11D3-BF4B-00C04F79EFBC}") = "ShopEf", "ShopEF\ShopEf.csproj", "{E26623F0-1B7B-487C-BF4E-75487EA20652}"
EndProject
Project("{FAE04EC0-301F-11D3-BF4B-00C04F79EFBC}") = "Logging", "Logging\Logging.csproj", "{88A2D45F-D075-4F49-9316-BE2728C15D3E}"
EndProject
Global
	GlobalSection(SolutionConfigurationPlatforms) = preSolution
		Debug|Any CPU = Debug|Any CPU
		Release|Any CPU = Release|Any CPU
	EndGlobalSection
	GlobalSection(ProjectConfigurationPlatforms) = postSolution
		{AF4800B5-36DC-47BC-A2DD-DC794C640B72}.Debug|Any CPU.ActiveCfg = Debug|Any CPU
		{AF4800B5-36DC-47BC-A2DD-DC794C640B72}.Debug|Any CPU.Build.0 = Debug|Any CPU
		{AF4800B5-36DC-47BC-A2DD-DC794C640B72}.Release|Any CPU.ActiveCfg = Release|Any CPU
		{AF4800B5-36DC-47BC-A2DD-DC794C640B72}.Release|Any CPU.Build.0 = Release|Any CPU
		{731EF7B4-62FE-499D-AF11-127C40927D2A}.Debug|Any CPU.ActiveCfg = Debug|Any CPU
		{731EF7B4-62FE-499D-AF11-127C40927D2A}.Debug|Any CPU.Build.0 = Debug|Any CPU
		{731EF7B4-62FE-499D-AF11-127C40927D2A}.Release|Any CPU.ActiveCfg = Release|Any CPU
		{731EF7B4-62FE-499D-AF11-127C40927D2A}.Release|Any CPU.Build.0 = Release|Any CPU
		{920C0C41-58EA-4B4E-826C-0F5B3F81FB7D}.Debug|Any CPU.ActiveCfg = Debug|Any CPU
		{920C0C41-58EA-4B4E-826C-0F5B3F81FB7D}.Debug|Any CPU.Build.0 = Debug|Any CPU
		{920C0C41-58EA-4B4E-826C-0F5B3F81FB7D}.Release|Any CPU.ActiveCfg = Release|Any CPU
		{920C0C41-58EA-4B4E-826C-0F5B3F81FB7D}.Release|Any CPU.Build.0 = Release|Any CPU
		{9B5B051B-424F-427D-B9E0-4E6CB1CD9BE2}.Debug|Any CPU.ActiveCfg = Debug|Any CPU
		{9B5B051B-424F-427D-B9E0-4E6CB1CD9BE2}.Debug|Any CPU.Build.0 = Debug|Any CPU
		{9B5B051B-424F-427D-B9E0-4E6CB1CD9BE2}.Release|Any CPU.ActiveCfg = Release|Any CPU
		{9B5B051B-424F-427D-B9E0-4E6CB1CD9BE2}.Release|Any CPU.Build.0 = Release|Any CPU
		{7F88E077-4CF8-4A42-8804-2BCE99241011}.Debug|Any CPU.ActiveCfg = Debug|Any CPU
		{7F88E077-4CF8-4A42-8804-2BCE99241011}.Debug|Any CPU.Build.0 = Debug|Any CPU
		{7F88E077-4CF8-4A42-8804-2BCE99241011}.Release|Any CPU.ActiveCfg = Release|Any CPU
		{7F88E077-4CF8-4A42-8804-2BCE99241011}.Release|Any CPU.Build.0 = Release|Any CPU
		{8AFE1635-6139-421B-95B3-9F0906A7DF82}.Debug|Any CPU.ActiveCfg = Debug|Any CPU
		{8AFE1635-6139-421B-95B3-9F0906A7DF82}.Debug|Any CPU.Build.0 = Debug|Any CPU
		{8AFE1635-6139-421B-95B3-9F0906A7DF82}.Release|Any CPU.ActiveCfg = Release|Any CPU
		{8AFE1635-6139-421B-95B3-9F0906A7DF82}.Release|Any CPU.Build.0 = Release|Any CPU
		{3CF8741E-39E5-4BA1-844D-2CDD18EEA2F2}.Debug|Any CPU.ActiveCfg = Debug|Any CPU
		{3CF8741E-39E5-4BA1-844D-2CDD18EEA2F2}.Debug|Any CPU.Build.0 = Debug|Any CPU
		{3CF8741E-39E5-4BA1-844D-2CDD18EEA2F2}.Release|Any CPU.ActiveCfg = Release|Any CPU
		{3CF8741E-39E5-4BA1-844D-2CDD18EEA2F2}.Release|Any CPU.Build.0 = Release|Any CPU
		{F39FAB43-5DD2-460E-8BF4-D0441BD85059}.Debug|Any CPU.ActiveCfg = Debug|Any CPU
		{F39FAB43-5DD2-460E-8BF4-D0441BD85059}.Debug|Any CPU.Build.0 = Debug|Any CPU
		{F39FAB43-5DD2-460E-8BF4-D0441BD85059}.Release|Any CPU.ActiveCfg = Release|Any CPU
		{F39FAB43-5DD2-460E-8BF4-D0441BD85059}.Release|Any CPU.Build.0 = Release|Any CPU
		{42D6FD62-ABF2-45B0-808F-FB5C59CC9788}.Debug|Any CPU.ActiveCfg = Debug|Any CPU
		{42D6FD62-ABF2-45B0-808F-FB5C59CC9788}.Debug|Any CPU.Build.0 = Debug|Any CPU
		{42D6FD62-ABF2-45B0-808F-FB5C59CC9788}.Release|Any CPU.ActiveCfg = Release|Any CPU
		{42D6FD62-ABF2-45B0-808F-FB5C59CC9788}.Release|Any CPU.Build.0 = Release|Any CPU
		{C4FED997-540A-4953-B801-92080CE7AA36}.Debug|Any CPU.ActiveCfg = Debug|Any CPU
		{C4FED997-540A-4953-B801-92080CE7AA36}.Debug|Any CPU.Build.0 = Debug|Any CPU
		{C4FED997-540A-4953-B801-92080CE7AA36}.Release|Any CPU.ActiveCfg = Release|Any CPU
		{C4FED997-540A-4953-B801-92080CE7AA36}.Release|Any CPU.Build.0 = Release|Any CPU
		{87559D1B-CDD0-4AC5-8259-DAA0414D2C1A}.Debug|Any CPU.ActiveCfg = Debug|Any CPU
		{87559D1B-CDD0-4AC5-8259-DAA0414D2C1A}.Debug|Any CPU.Build.0 = Debug|Any CPU
		{87559D1B-CDD0-4AC5-8259-DAA0414D2C1A}.Release|Any CPU.ActiveCfg = Release|Any CPU
		{87559D1B-CDD0-4AC5-8259-DAA0414D2C1A}.Release|Any CPU.Build.0 = Release|Any CPU
		{B3E5DEE3-D167-469D-A630-D052E94AC544}.Debug|Any CPU.ActiveCfg = Debug|Any CPU
		{B3E5DEE3-D167-469D-A630-D052E94AC544}.Debug|Any CPU.Build.0 = Debug|Any CPU
		{B3E5DEE3-D167-469D-A630-D052E94AC544}.Release|Any CPU.ActiveCfg = Release|Any CPU
		{B3E5DEE3-D167-469D-A630-D052E94AC544}.Release|Any CPU.Build.0 = Release|Any CPU
		{1009739F-62CD-42C0-A961-5B9C2858849D}.Debug|Any CPU.ActiveCfg = Debug|Any CPU
		{1009739F-62CD-42C0-A961-5B9C2858849D}.Debug|Any CPU.Build.0 = Debug|Any CPU
		{1009739F-62CD-42C0-A961-5B9C2858849D}.Release|Any CPU.ActiveCfg = Release|Any CPU
		{1009739F-62CD-42C0-A961-5B9C2858849D}.Release|Any CPU.Build.0 = Release|Any CPU
		{67F9E04B-9B7E-437F-A875-BABD3C16A9B2}.Debug|Any CPU.ActiveCfg = Debug|Any CPU
		{67F9E04B-9B7E-437F-A875-BABD3C16A9B2}.Debug|Any CPU.Build.0 = Debug|Any CPU
		{67F9E04B-9B7E-437F-A875-BABD3C16A9B2}.Release|Any CPU.ActiveCfg = Release|Any CPU
		{67F9E04B-9B7E-437F-A875-BABD3C16A9B2}.Release|Any CPU.Build.0 = Release|Any CPU
		{0FD41DC0-F69F-4335-A170-C475E4CFB13B}.Debug|Any CPU.ActiveCfg = Debug|Any CPU
		{0FD41DC0-F69F-4335-A170-C475E4CFB13B}.Debug|Any CPU.Build.0 = Debug|Any CPU
		{0FD41DC0-F69F-4335-A170-C475E4CFB13B}.Release|Any CPU.ActiveCfg = Release|Any CPU
		{0FD41DC0-F69F-4335-A170-C475E4CFB13B}.Release|Any CPU.Build.0 = Release|Any CPU
		{57E25BC2-2D0D-48B1-AC09-81716DFF57BD}.Debug|Any CPU.ActiveCfg = Debug|Any CPU
		{57E25BC2-2D0D-48B1-AC09-81716DFF57BD}.Debug|Any CPU.Build.0 = Debug|Any CPU
		{57E25BC2-2D0D-48B1-AC09-81716DFF57BD}.Release|Any CPU.ActiveCfg = Release|Any CPU
		{57E25BC2-2D0D-48B1-AC09-81716DFF57BD}.Release|Any CPU.Build.0 = Release|Any CPU
		{E26623F0-1B7B-487C-BF4E-75487EA20652}.Debug|Any CPU.ActiveCfg = Debug|Any CPU
		{E26623F0-1B7B-487C-BF4E-75487EA20652}.Debug|Any CPU.Build.0 = Debug|Any CPU
		{E26623F0-1B7B-487C-BF4E-75487EA20652}.Release|Any CPU.ActiveCfg = Release|Any CPU
		{E26623F0-1B7B-487C-BF4E-75487EA20652}.Release|Any CPU.Build.0 = Release|Any CPU
		{88A2D45F-D075-4F49-9316-BE2728C15D3E}.Debug|Any CPU.ActiveCfg = Debug|Any CPU
		{88A2D45F-D075-4F49-9316-BE2728C15D3E}.Debug|Any CPU.Build.0 = Debug|Any CPU
		{88A2D45F-D075-4F49-9316-BE2728C15D3E}.Release|Any CPU.ActiveCfg = Release|Any CPU
		{88A2D45F-D075-4F49-9316-BE2728C15D3E}.Release|Any CPU.Build.0 = Release|Any CPU
	EndGlobalSection
	GlobalSection(SolutionProperties) = preSolution
		HideSolutionNode = FALSE
	EndGlobalSection
	GlobalSection(ExtensibilityGlobals) = postSolution
		SolutionGuid = {E682761B-557D-4DCC-8F6D-204928AE817D}
	EndGlobalSection
EndGlobal
